
Microsoft Visual Studio Solution File, Format Version 12.00
# Visual Studio Version 16
VisualStudioVersion = 16.0.30330.147
MinimumVisualStudioVersion = 10.0.40219.1
Project("{FAE04EC0-301F-11D3-BF4B-00C04F79EFBC}") = "BB6", "BB6\BB6.csproj", "{A700C896-677B-4BB0-A5F5-6CFDCC3509FE}"
EndProject
Global
	GlobalSection(SolutionConfigurationPlatforms) = preSolution
		Debug|Any CPU = Debug|Any CPU
		Release|Any CPU = Release|Any CPU
	EndGlobalSection
	GlobalSection(ProjectConfigurationPlatforms) = postSolution
		{A700C896-677B-4BB0-A5F5-6CFDCC3509FE}.Debug|Any CPU.ActiveCfg = Debug|Any CPU
		{A700C896-677B-4BB0-A5F5-6CFDCC3509FE}.Debug|Any CPU.Build.0 = Debug|Any CPU
		{A700C896-677B-4BB0-A5F5-6CFDCC3509FE}.Release|Any CPU.ActiveCfg = Release|Any CPU
		{A700C896-677B-4BB0-A5F5-6CFDCC3509FE}.Release|Any CPU.Build.0 = Release|Any CPU
	EndGlobalSection
	GlobalSection(SolutionProperties) = preSolution
		HideSolutionNode = FALSE
	EndGlobalSection
	GlobalSection(ExtensibilityGlobals) = postSolution
		SolutionGuid = {CFF45642-24EA-4DDC-9850-7C4C3C7AEA4C}
	EndGlobalSection
EndGlobal
